
Microsoft Visual Studio Solution File, Format Version 12.00
# Visual Studio Version 16
VisualStudioVersion = 16.0.30320.27
MinimumVisualStudioVersion = 10.0.40219.1
Project("{FAE04EC0-301F-11D3-BF4B-00C04F79EFBC}") = "2daEvaluacion3erBim", "2daEvaluacion3erBim.csproj", "{A56B254C-E27A-4F1B-9B6F-36DB36DB1960}"
EndProject
Global
	GlobalSection(SolutionConfigurationPlatforms) = preSolution
		Debug|Any CPU = Debug|Any CPU
		Release|Any CPU = Release|Any CPU
	EndGlobalSection
	GlobalSection(ProjectConfigurationPlatforms) = postSolution
		{A56B254C-E27A-4F1B-9B6F-36DB36DB1960}.Debug|Any CPU.ActiveCfg = Debug|Any CPU
		{A56B254C-E27A-4F1B-9B6F-36DB36DB1960}.Debug|Any CPU.Build.0 = Debug|Any CPU
		{A56B254C-E27A-4F1B-9B6F-36DB36DB1960}.Release|Any CPU.ActiveCfg = Release|Any CPU
		{A56B254C-E27A-4F1B-9B6F-36DB36DB1960}.Release|Any CPU.Build.0 = Release|Any CPU
	EndGlobalSection
	GlobalSection(SolutionProperties) = preSolution
		HideSolutionNode = FALSE
	EndGlobalSection
	GlobalSection(ExtensibilityGlobals) = postSolution
		SolutionGuid = {C82F0D99-667B-4FAD-8FD3-4DA12D2307F1}
	EndGlobalSection
EndGlobal
